
Microsoft Visual Studio Solution File, Format Version 12.00
# Visual Studio 2013
VisualStudioVersion = 12.0.30110.0
MinimumVisualStudioVersion = 10.0.40219.1
Project("{FAE04EC0-301F-11D3-BF4B-00C04F79EFBC}") = "Reyx.Nfe", "Reyx.Nfe\Reyx.Nfe.csproj", "{12520D2A-51F6-4EE9-AAE8-6751E4DEA623}"
EndProject
Project("{FAE04EC0-301F-11D3-BF4B-00C04F79EFBC}") = "Reyx.Nfe.Tests", "Reyx.Tester\Reyx.Nfe.Tests.csproj", "{822D25FD-75BE-4BC3-9E69-B4FBE4B0FF1C}"
EndProject
Project("{FAE04EC0-301F-11D3-BF4B-00C04F79EFBC}") = "Reyx.Nfe.WebService", "Reyx.Nfe.Webservice\Reyx.Nfe.WebService.csproj", "{290BD2C8-DCAE-4936-B2C7-8B1E9DF59343}"
EndProject
Project("{FAE04EC0-301F-11D3-BF4B-00C04F79EFBC}") = "Reyx.Nfe.Criptografia", "Reyx.Nfe.Criptografia\Reyx.Nfe.Criptografia.csproj", "{618A479B-A9BA-41DC-A0EE-FE4DBA2283EC}"
EndProject
Project("{FAE04EC0-301F-11D3-BF4B-00C04F79EFBC}") = "Reyx.Nfe.Danfe", "Reyx.Nfe.Danfe\Reyx.Nfe.Danfe.csproj", "{0384E4C7-662B-4E16-A73D-265B0E4BCFE8}"
EndProject
Global
	GlobalSection(SolutionConfigurationPlatforms) = preSolution
		Debug|Any CPU = Debug|Any CPU
		Debug|Mixed Platforms = Debug|Mixed Platforms
		Debug|x86 = Debug|x86
		Release|Any CPU = Release|Any CPU
		Release|Mixed Platforms = Release|Mixed Platforms
		Release|x86 = Release|x86
	EndGlobalSection
	GlobalSection(ProjectConfigurationPlatforms) = postSolution
		{12520D2A-51F6-4EE9-AAE8-6751E4DEA623}.Debug|Any CPU.ActiveCfg = Debug|Any CPU
		{12520D2A-51F6-4EE9-AAE8-6751E4DEA623}.Debug|Any CPU.Build.0 = Debug|Any CPU
		{12520D2A-51F6-4EE9-AAE8-6751E4DEA623}.Debug|Mixed Platforms.ActiveCfg = Debug|Any CPU
		{12520D2A-51F6-4EE9-AAE8-6751E4DEA623}.Debug|Mixed Platforms.Build.0 = Debug|Any CPU
		{12520D2A-51F6-4EE9-AAE8-6751E4DEA623}.Debug|x86.ActiveCfg = Debug|Any CPU
		{12520D2A-51F6-4EE9-AAE8-6751E4DEA623}.Release|Any CPU.ActiveCfg = Release|Any CPU
		{12520D2A-51F6-4EE9-AAE8-6751E4DEA623}.Release|Any CPU.Build.0 = Release|Any CPU
		{12520D2A-51F6-4EE9-AAE8-6751E4DEA623}.Release|Mixed Platforms.ActiveCfg = Release|Any CPU
		{12520D2A-51F6-4EE9-AAE8-6751E4DEA623}.Release|Mixed Platforms.Build.0 = Release|Any CPU
		{12520D2A-51F6-4EE9-AAE8-6751E4DEA623}.Release|x86.ActiveCfg = Release|Any CPU
		{822D25FD-75BE-4BC3-9E69-B4FBE4B0FF1C}.Debug|Any CPU.ActiveCfg = Debug|x86
		{822D25FD-75BE-4BC3-9E69-B4FBE4B0FF1C}.Debug|Mixed Platforms.ActiveCfg = Debug|x86
		{822D25FD-75BE-4BC3-9E69-B4FBE4B0FF1C}.Debug|Mixed Platforms.Build.0 = Debug|x86
		{822D25FD-75BE-4BC3-9E69-B4FBE4B0FF1C}.Debug|x86.ActiveCfg = Debug|x86
		{822D25FD-75BE-4BC3-9E69-B4FBE4B0FF1C}.Debug|x86.Build.0 = Debug|x86
		{822D25FD-75BE-4BC3-9E69-B4FBE4B0FF1C}.Release|Any CPU.ActiveCfg = Release|x86
		{822D25FD-75BE-4BC3-9E69-B4FBE4B0FF1C}.Release|Mixed Platforms.ActiveCfg = Release|x86
		{822D25FD-75BE-4BC3-9E69-B4FBE4B0FF1C}.Release|Mixed Platforms.Build.0 = Release|x86
		{822D25FD-75BE-4BC3-9E69-B4FBE4B0FF1C}.Release|x86.ActiveCfg = Release|x86
		{822D25FD-75BE-4BC3-9E69-B4FBE4B0FF1C}.Release|x86.Build.0 = Release|x86
		{290BD2C8-DCAE-4936-B2C7-8B1E9DF59343}.Debug|Any CPU.ActiveCfg = Debug|Any CPU
		{290BD2C8-DCAE-4936-B2C7-8B1E9DF59343}.Debug|Any CPU.Build.0 = Debug|Any CPU
		{290BD2C8-DCAE-4936-B2C7-8B1E9DF59343}.Debug|Mixed Platforms.ActiveCfg = Debug|Any CPU
		{290BD2C8-DCAE-4936-B2C7-8B1E9DF59343}.Debug|Mixed Platforms.Build.0 = Debug|Any CPU
		{290BD2C8-DCAE-4936-B2C7-8B1E9DF59343}.Debug|x86.ActiveCfg = Debug|Any CPU
		{290BD2C8-DCAE-4936-B2C7-8B1E9DF59343}.Release|Any CPU.ActiveCfg = Release|Any CPU
		{290BD2C8-DCAE-4936-B2C7-8B1E9DF59343}.Release|Any CPU.Build.0 = Release|Any CPU
		{290BD2C8-DCAE-4936-B2C7-8B1E9DF59343}.Release|Mixed Platforms.ActiveCfg = Release|Any CPU
		{290BD2C8-DCAE-4936-B2C7-8B1E9DF59343}.Release|Mixed Platforms.Build.0 = Release|Any CPU
		{290BD2C8-DCAE-4936-B2C7-8B1E9DF59343}.Release|x86.ActiveCfg = Release|Any CPU
		{618A479B-A9BA-41DC-A0EE-FE4DBA2283EC}.Debug|Any CPU.ActiveCfg = Debug|Any CPU
		{618A479B-A9BA-41DC-A0EE-FE4DBA2283EC}.Debug|Any CPU.Build.0 = Debug|Any CPU
		{618A479B-A9BA-41DC-A0EE-FE4DBA2283EC}.Debug|Mixed Platforms.ActiveCfg = Debug|Any CPU
		{618A479B-A9BA-41DC-A0EE-FE4DBA2283EC}.Debug|Mixed Platforms.Build.0 = Debug|Any CPU
		{618A479B-A9BA-41DC-A0EE-FE4DBA2283EC}.Debug|x86.ActiveCfg = Debug|Any CPU
		{618A479B-A9BA-41DC-A0EE-FE4DBA2283EC}.Release|Any CPU.ActiveCfg = Release|Any CPU
		{618A479B-A9BA-41DC-A0EE-FE4DBA2283EC}.Release|Any CPU.Build.0 = Release|Any CPU
		{618A479B-A9BA-41DC-A0EE-FE4DBA2283EC}.Release|Mixed Platforms.ActiveCfg = Release|Any CPU
		{618A479B-A9BA-41DC-A0EE-FE4DBA2283EC}.Release|Mixed Platforms.Build.0 = Release|Any CPU
		{618A479B-A9BA-41DC-A0EE-FE4DBA2283EC}.Release|x86.ActiveCfg = Release|Any CPU
		{0384E4C7-662B-4E16-A73D-265B0E4BCFE8}.Debug|Any CPU.ActiveCfg = Debug|Any CPU
		{0384E4C7-662B-4E16-A73D-265B0E4BCFE8}.Debug|Any CPU.Build.0 = Debug|Any CPU
		{0384E4C7-662B-4E16-A73D-265B0E4BCFE8}.Debug|Mixed Platforms.ActiveCfg = Debug|Any CPU
		{0384E4C7-662B-4E16-A73D-265B0E4BCFE8}.Debug|Mixed Platforms.Build.0 = Debug|Any CPU
		{0384E4C7-662B-4E16-A73D-265B0E4BCFE8}.Debug|x86.ActiveCfg = Debug|Any CPU
		{0384E4C7-662B-4E16-A73D-265B0E4BCFE8}.Release|Any CPU.ActiveCfg = Release|Any CPU
		{0384E4C7-662B-4E16-A73D-265B0E4BCFE8}.Release|Any CPU.Build.0 = Release|Any CPU
		{0384E4C7-662B-4E16-A73D-265B0E4BCFE8}.Release|Mixed Platforms.ActiveCfg = Release|Any CPU
		{0384E4C7-662B-4E16-A73D-265B0E4BCFE8}.Release|Mixed Platforms.Build.0 = Release|Any CPU
		{0384E4C7-662B-4E16-A73D-265B0E4BCFE8}.Release|x86.ActiveCfg = Release|Any CPU
	EndGlobalSection
	GlobalSection(SolutionProperties) = preSolution
		HideSolutionNode = FALSE
	EndGlobalSection
EndGlobal
